{
  "version": 4,
  "terraform_version": "1.3.6",
  "serial": 9,
  "lineage": "105e133f-17a9-2a5d-2e08-e1bef6176c96",
  "outputs": {
    "GetUser": {
      "value": "admin@admin.net",
      "type": "string"
    }
  },
  "resources": [
    {
      "mode": "data",
      "type": "external",
      "name": "env",
      "provider": "provider[\"registry.terraform.io/hashicorp/external\"]",
      "instances": [
        {
          "schema_version": 0,
          "attributes": {
            "id": "-",
            "program": [
              "python3",
              "./env.py"
            ],
            "query": null,
            "result": {
              "XCP_HOSTNAME": "ws://192.168.1.110",
              "XCP_PASSWORD": "admin",
              "XCP_USER": "admin@admin.net"
            },
            "working_dir": null
          },
          "sensitive_attributes": []
        }
      ]
    },
    {
      "mode": "data",
      "type": "xenorchestra_network",
      "name": "net",
      "provider": "provider[\"registry.terraform.io/terra-farm/xenorchestra\"]",
      "instances": [
        {
          "schema_version": 0,
          "attributes": {
            "bridge": "xenbr0",
            "id": "defdc522-f504-0377-d672-30d6496e3f89",
            "name_label": "Pool-wide network associated with eth0",
            "pool_id": "f60245c9-f482-3a6b-5c7b-22cfd20d607f"
          },
          "sensitive_attributes": []
        }
      ]
    },
    {
      "mode": "data",
      "type": "xenorchestra_pool",
      "name": "pool",
      "provider": "provider[\"registry.terraform.io/terra-farm/xenorchestra\"]",
      "instances": [
        {
          "schema_version": 0,
          "attributes": {
            "cpus": {
              "cores": "12",
              "sockets": "1"
            },
            "description": "",
            "id": "f60245c9-f482-3a6b-5c7b-22cfd20d607f",
            "master": "2ea8c5f3-e1ed-4366-ae64-ffee68cdff7c",
            "name_label": "xeon-server"
          },
          "sensitive_attributes": []
        }
      ]
    },
    {
      "mode": "data",
      "type": "xenorchestra_sr",
      "name": "smb_arch_sr",
      "provider": "provider[\"registry.terraform.io/terra-farm/xenorchestra\"]",
      "instances": [
        {
          "schema_version": 0,
          "attributes": {
            "container": "f60245c9-f482-3a6b-5c7b-22cfd20d607f",
            "id": "b66ec50c-505e-47f8-0d34-bccef465dead",
            "name_label": "ISO Files Arch",
            "physical_usage": 29006798848,
            "pool_id": "f60245c9-f482-3a6b-5c7b-22cfd20d607f",
            "size": 265199882240,
            "sr_type": "iso",
            "tags": null,
            "usage": 2516803584,
            "uuid": "b66ec50c-505e-47f8-0d34-bccef465dead"
          },
          "sensitive_attributes": []
        }
      ]
    },
    {
      "mode": "data",
      "type": "xenorchestra_template",
      "name": "other_template",
      "provider": "provider[\"registry.terraform.io/terra-farm/xenorchestra\"]",
      "instances": [
        {
          "schema_version": 0,
          "attributes": {
            "id": "f60245c9-f482-3a6b-5c7b-22cfd20d607f-552bce37-51b2-445d-84f2-5f33fa112d7e",
            "name_label": "Other install media",
            "pool_id": null,
            "uuid": "552bce37-51b2-445d-84f2-5f33fa112d7e"
          },
          "sensitive_attributes": []
        }
      ]
    },
    {
      "mode": "data",
      "type": "xenorchestra_template",
      "name": "ubuntu_template",
      "provider": "provider[\"registry.terraform.io/terra-farm/xenorchestra\"]",
      "instances": [
        {
          "schema_version": 0,
          "attributes": {
            "id": "f60245c9-f482-3a6b-5c7b-22cfd20d607f-2cf37285-57bc-4633-a24f-0c6c825dda66",
            "name_label": "Ubuntu Focal Fossa 20.04",
            "pool_id": null,
            "uuid": "2cf37285-57bc-4633-a24f-0c6c825dda66"
          },
          "sensitive_attributes": []
        }
      ]
    },
    {
      "mode": "managed",
      "type": "xenorchestra_vm",
      "name": "TrueNAS",
      "provider": "provider[\"registry.terraform.io/terra-farm/xenorchestra\"]",
      "instances": [
        {
          "schema_version": 0,
          "attributes": {
            "affinity_host": "",
            "auto_poweron": false,
            "blocked_operations": null,
            "cdrom": [
              {
                "id": "7efb593b-160a-4fdc-9c8d-9b9f98537331"
              }
            ],
            "cloud_config": null,
            "cloud_network_config": null,
            "core_os": false,
            "cpu_cap": 0,
            "cpu_weight": 0,
            "cpus": 2,
            "disk": [
              {
                "attached": true,
                "name_description": "",
                "name_label": "TrueNAS-Disk",
                "position": "0",
                "size": 107374182400,
                "sr_id": "ef1d6d1e-843d-d387-b6f1-d581ea75b8a2",
                "vbd_id": "69e7be02-cdad-8f37-bb9b-de4e587faa09",
                "vdi_id": "dfba9a9c-2086-4d7f-a6a9-27c3b8d9299e"
              }
            ],
            "exp_nested_hvm": true,
            "high_availability": "",
            "host": null,
            "hvm_boot_firmware": "uefi",
            "id": "6d224227-a9ee-9bad-5a2c-882e7d8b6b07",
            "installation_method": null,
            "ipv4_addresses": [],
            "ipv6_addresses": [],
            "memory_max": 8589934592,
            "name_description": "Storage Server VM.",
            "name_label": "TrueNAS",
            "network": [
              {
                "attached": true,
                "device": "0",
                "ipv4_addresses": [],
                "ipv6_addresses": [],
                "mac_address": "be:da:27:cb:df:0a",
                "network_id": "defdc522-f504-0377-d672-30d6496e3f89"
              }
            ],
            "power_state": "Running",
            "resource_set": "",
            "start_delay": 0,
            "tags": [
              "NAS",
              "Storage",
              "TrueNAS"
            ],
            "template": "f60245c9-f482-3a6b-5c7b-22cfd20d607f-552bce37-51b2-445d-84f2-5f33fa112d7e",
            "timeouts": {
              "create": "20m",
              "delete": null,
              "update": null
            },
            "vga": "std",
            "videoram": 8,
            "wait_for_ip": false
          },
          "sensitive_attributes": [],
          "private": "eyJlMmJmYjczMC1lY2FhLTExZTYtOGY4OC0zNDM2M2JjN2M0YzAiOnsiY3JlYXRlIjoxMjAwMDAwMDAwMDAwLCJkZWxldGUiOjMwMDAwMDAwMDAwMCwidXBkYXRlIjozMDAwMDAwMDAwMDB9fQ==",
          "dependencies": [
            "data.external.env",
            "data.xenorchestra_network.net",
            "data.xenorchestra_template.other_template"
          ]
        }
      ]
    }
  ],
  "check_results": null
}
